
Microsoft Visual Studio Solution File, Format Version 12.00
# Visual Studio 2012
Project("{FAE04EC0-301F-11D3-BF4B-00C04F79EFBC}") = "WPFUtils", "WPFUtils\WPFUtils.csproj", "{6B9D2AE7-0F7E-4883-B63C-11004853C327}"
EndProject
Project("{2150E333-8FDC-42A3-9474-1A3956D46DE8}") = "Samples", "Samples", "{9692FB98-5D70-400F-BF6E-7AEFBEAC03B6}"
EndProject
Project("{FAE04EC0-301F-11D3-BF4B-00C04F79EFBC}") = "WPFUtils.Samples.DynamicGridFormationBehavior", "Samples\WPFUtils.Samples.DynamicGridFormationBehavior\WPFUtils.Samples.DynamicGridFormationBehavior.csproj", "{7308BA99-13C7-45F8-AC7F-03248585F66A}"
EndProject
Project("{FAE04EC0-301F-11D3-BF4B-00C04F79EFBC}") = "WPFUtils.Samples.ConfirmationBehavior", "Samples\WPFUtils.Samples.ConfirmationBehavior\WPFUtils.Samples.ConfirmationBehavior.csproj", "{6A661B16-19F3-4E6D-A3AD-5ECF774761CD}"
EndProject
Project("{FAE04EC0-301F-11D3-BF4B-00C04F79EFBC}") = "WPFUtils.Samples.AlwaysOnTopBehavior", "Samples\WPFUtils.Samples.AlwaysOnTopBehavior\WPFUtils.Samples.AlwaysOnTopBehavior.csproj", "{53FEAFC0-53A7-4AC6-9341-F7E59BD8B14E}"
EndProject
Project("{FAE04EC0-301F-11D3-BF4B-00C04F79EFBC}") = "WPFUtils.Controls", "WPFUtils.Controls\WPFUtils.Controls.csproj", "{B90D8590-A1D1-4E37-9214-C8B680CDCACC}"
EndProject
Project("{FAE04EC0-301F-11D3-BF4B-00C04F79EFBC}") = "WPFUtils.Samples.ExternalApplicationWindowControl", "Samples\WPFUtils.Samples.ExternalApplicationWindowControl\WPFUtils.Samples.ExternalApplicationWindowControl.csproj", "{AADBC2A8-F73F-45BC-A9C5-A1E9AEABD2D9}"
EndProject
Global
	GlobalSection(SolutionConfigurationPlatforms) = preSolution
		Debug|Any CPU = Debug|Any CPU
		Release|Any CPU = Release|Any CPU
	EndGlobalSection
	GlobalSection(ProjectConfigurationPlatforms) = postSolution
		{6B9D2AE7-0F7E-4883-B63C-11004853C327}.Debug|Any CPU.ActiveCfg = Debug|Any CPU
		{6B9D2AE7-0F7E-4883-B63C-11004853C327}.Debug|Any CPU.Build.0 = Debug|Any CPU
		{6B9D2AE7-0F7E-4883-B63C-11004853C327}.Release|Any CPU.ActiveCfg = Release|Any CPU
		{6B9D2AE7-0F7E-4883-B63C-11004853C327}.Release|Any CPU.Build.0 = Release|Any CPU
		{7308BA99-13C7-45F8-AC7F-03248585F66A}.Debug|Any CPU.ActiveCfg = Debug|Any CPU
		{7308BA99-13C7-45F8-AC7F-03248585F66A}.Debug|Any CPU.Build.0 = Debug|Any CPU
		{7308BA99-13C7-45F8-AC7F-03248585F66A}.Release|Any CPU.ActiveCfg = Release|Any CPU
		{7308BA99-13C7-45F8-AC7F-03248585F66A}.Release|Any CPU.Build.0 = Release|Any CPU
		{6A661B16-19F3-4E6D-A3AD-5ECF774761CD}.Debug|Any CPU.ActiveCfg = Debug|Any CPU
		{6A661B16-19F3-4E6D-A3AD-5ECF774761CD}.Debug|Any CPU.Build.0 = Debug|Any CPU
		{6A661B16-19F3-4E6D-A3AD-5ECF774761CD}.Release|Any CPU.ActiveCfg = Release|Any CPU
		{6A661B16-19F3-4E6D-A3AD-5ECF774761CD}.Release|Any CPU.Build.0 = Release|Any CPU
		{53FEAFC0-53A7-4AC6-9341-F7E59BD8B14E}.Debug|Any CPU.ActiveCfg = Debug|Any CPU
		{53FEAFC0-53A7-4AC6-9341-F7E59BD8B14E}.Debug|Any CPU.Build.0 = Debug|Any CPU
		{53FEAFC0-53A7-4AC6-9341-F7E59BD8B14E}.Release|Any CPU.ActiveCfg = Release|Any CPU
		{53FEAFC0-53A7-4AC6-9341-F7E59BD8B14E}.Release|Any CPU.Build.0 = Release|Any CPU
		{B90D8590-A1D1-4E37-9214-C8B680CDCACC}.Debug|Any CPU.ActiveCfg = Debug|Any CPU
		{B90D8590-A1D1-4E37-9214-C8B680CDCACC}.Debug|Any CPU.Build.0 = Debug|Any CPU
		{B90D8590-A1D1-4E37-9214-C8B680CDCACC}.Release|Any CPU.ActiveCfg = Release|Any CPU
		{B90D8590-A1D1-4E37-9214-C8B680CDCACC}.Release|Any CPU.Build.0 = Release|Any CPU
		{AADBC2A8-F73F-45BC-A9C5-A1E9AEABD2D9}.Debug|Any CPU.ActiveCfg = Debug|Any CPU
		{AADBC2A8-F73F-45BC-A9C5-A1E9AEABD2D9}.Debug|Any CPU.Build.0 = Debug|Any CPU
		{AADBC2A8-F73F-45BC-A9C5-A1E9AEABD2D9}.Release|Any CPU.ActiveCfg = Release|Any CPU
		{AADBC2A8-F73F-45BC-A9C5-A1E9AEABD2D9}.Release|Any CPU.Build.0 = Release|Any CPU
	EndGlobalSection
	GlobalSection(SolutionProperties) = preSolution
		HideSolutionNode = FALSE
	EndGlobalSection
	GlobalSection(NestedProjects) = preSolution
		{7308BA99-13C7-45F8-AC7F-03248585F66A} = {9692FB98-5D70-400F-BF6E-7AEFBEAC03B6}
		{6A661B16-19F3-4E6D-A3AD-5ECF774761CD} = {9692FB98-5D70-400F-BF6E-7AEFBEAC03B6}
		{53FEAFC0-53A7-4AC6-9341-F7E59BD8B14E} = {9692FB98-5D70-400F-BF6E-7AEFBEAC03B6}
		{AADBC2A8-F73F-45BC-A9C5-A1E9AEABD2D9} = {9692FB98-5D70-400F-BF6E-7AEFBEAC03B6}
	EndGlobalSection
EndGlobal
